
Microsoft Visual Studio Solution File, Format Version 12.00
# Visual Studio Version 17
VisualStudioVersion = 17.10.35122.118
MinimumVisualStudioVersion = 10.0.40219.1
Project("{FAE04EC0-301F-11D3-BF4B-00C04F79EFBC}") = "SalesWebMVC", "SalesWebMVC\SalesWebMVC.csproj", "{CC97452F-BFE6-45C4-BD1C-B2BC5E6D49FD}"
EndProject
Global
	GlobalSection(SolutionConfigurationPlatforms) = preSolution
		Debug|Any CPU = Debug|Any CPU
		Release|Any CPU = Release|Any CPU
	EndGlobalSection
	GlobalSection(ProjectConfigurationPlatforms) = postSolution
		{CC97452F-BFE6-45C4-BD1C-B2BC5E6D49FD}.Debug|Any CPU.ActiveCfg = Debug|Any CPU
		{CC97452F-BFE6-45C4-BD1C-B2BC5E6D49FD}.Debug|Any CPU.Build.0 = Debug|Any CPU
		{CC97452F-BFE6-45C4-BD1C-B2BC5E6D49FD}.Release|Any CPU.ActiveCfg = Release|Any CPU
		{CC97452F-BFE6-45C4-BD1C-B2BC5E6D49FD}.Release|Any CPU.Build.0 = Release|Any CPU
	EndGlobalSection
	GlobalSection(SolutionProperties) = preSolution
		HideSolutionNode = FALSE
	EndGlobalSection
	GlobalSection(ExtensibilityGlobals) = postSolution
		SolutionGuid = {ADE5DCE4-0FEB-4418-8D9D-CAD48329531B}
	EndGlobalSection
EndGlobal
